{
  "name": "xyz-to-latlon",
  "version": "1.0.1",
  "lockfileVersion": 1,
  "requires": true,
  "dependencies": {
    "latlon-to-xyz": {
      "version": "1.0.1",
      "resolved": "https://registry.npmjs.org/latlon-to-xyz/-/latlon-to-xyz-1.0.1.tgz",
      "integrity": "sha512-OF65aE60Y9aMOibxWFC2Vl7EN2BOtMKabm0t97+VaVgR9LoStZHbNNMc8dS/LG6iE1BpEXmnoH85wWr1drp/Tw==",
      "dev": true
    }
  }
}
